// !$*UTF8*$!
{
	archiveVersion = 1;
	classes = {
	};
	objectVersion = 56;
	objects = {

/* Begin PBXBuildFile section */
		E3DCA1C42DB5347900893221 /* AppDelegate.swift in Sources */ = {isa = PBXBuildFile; fileRef = E3DCA1C32DB5347900893221 /* AppDelegate.swift */; };
		E3DCA1C62DB5347900893221 /* SceneDelegate.swift in Sources */ = {isa = PBXBuildFile; fileRef = E3DCA1C52DB5347900893221 /* SceneDelegate.swift */; };
		E3DCA1C82DB5347900893221 /* TaskListVC.swift in Sources */ = {isa = PBXBuildFile; fileRef = E3DCA1C72DB5347900893221 /* TaskListVC.swift */; };
		E3DCA1CE2DB5347900893221 /* ToDoList.xcdatamodeld in Sources */ = {isa = PBXBuildFile; fileRef = E3DCA1CC2DB5347900893221 /* ToDoList.xcdatamodeld */; };
		E3DCA1D02DB5347D00893221 /* Assets.xcassets in Resources */ = {isa = PBXBuildFile; fileRef = E3DCA1CF2DB5347D00893221 /* Assets.xcassets */; };
		E3DCA2052DB540A200893221 /* TaskEntity+CoreDataClass.swift in Sources */ = {isa = PBXBuildFile; fileRef = E3DCA2032DB540A200893221 /* TaskEntity+CoreDataClass.swift */; };
		E3DCA2062DB540A200893221 /* TaskEntity+CoreDataProperties.swift in Sources */ = {isa = PBXBuildFile; fileRef = E3DCA2042DB540A200893221 /* TaskEntity+CoreDataProperties.swift */; };
		E3DCA2082DB5415800893221 /* CoreDataManager.swift in Sources */ = {isa = PBXBuildFile; fileRef = E3DCA2072DB5415800893221 /* CoreDataManager.swift */; };
		E3DCA20A2DB5444700893221 /* Task.swift in Sources */ = {isa = PBXBuildFile; fileRef = E3DCA2092DB5444700893221 /* Task.swift */; };
		E3DCA20C2DB544EC00893221 /* TaskMapper.swift in Sources */ = {isa = PBXBuildFile; fileRef = E3DCA20B2DB544EC00893221 /* TaskMapper.swift */; };
		E3DCA20E2DB546EE00893221 /* NetworkService.swift in Sources */ = {isa = PBXBuildFile; fileRef = E3DCA20D2DB546EE00893221 /* NetworkService.swift */; };
		E3DCA2102DB5495300893221 /* TaskRepository.swift in Sources */ = {isa = PBXBuildFile; fileRef = E3DCA20F2DB5495300893221 /* TaskRepository.swift */; };
		E3DCA2122DB62B3400893221 /* TaskCell.swift in Sources */ = {isa = PBXBuildFile; fileRef = E3DCA2112DB62B3400893221 /* TaskCell.swift */; };
		E3DCA2152DB6383200893221 /* Icons.swift in Sources */ = {isa = PBXBuildFile; fileRef = E3DCA2142DB6383200893221 /* Icons.swift */; };
		E3DCA2192DB6D3C500893221 /* TaskListBottomBar.swift in Sources */ = {isa = PBXBuildFile; fileRef = E3DCA2182DB6D3C500893221 /* TaskListBottomBar.swift */; };
		E3DCA2252DB7F21400893221 /* Strings.swift in Sources */ = {isa = PBXBuildFile; fileRef = E3DCA2242DB7F21400893221 /* Strings.swift */; };
		E3DCA2292DB8C86800893221 /* TaskCreateEditVC.swift in Sources */ = {isa = PBXBuildFile; fileRef = E3DCA2282DB8C86800893221 /* TaskCreateEditVC.swift */; };
		E3DCA22B2DB8F72A00893221 /* TaskDetailTextView.swift in Sources */ = {isa = PBXBuildFile; fileRef = E3DCA22A2DB8F72A00893221 /* TaskDetailTextView.swift */; };
		E3DCA22D2DB912DA00893221 /* SpeechManager.swift in Sources */ = {isa = PBXBuildFile; fileRef = E3DCA22C2DB912DA00893221 /* SpeechManager.swift */; };
		E3DCA25B2DBA487400893221 /* ToDoListUITests.swift in Sources */ = {isa = PBXBuildFile; fileRef = E3DCA2582DBA487400893221 /* ToDoListUITests.swift */; };
		E3DCA25C2DBA487400893221 /* ToDoListUITestsLaunchTests.swift in Sources */ = {isa = PBXBuildFile; fileRef = E3DCA2592DBA487400893221 /* ToDoListUITestsLaunchTests.swift */; };
		E3DCA25E2DBA4AC600893221 /* MockNetworkService.swift in Sources */ = {isa = PBXBuildFile; fileRef = E3DCA25D2DBA4AC600893221 /* MockNetworkService.swift */; };
		E3DCA2602DBA514600893221 /* TaskModelTests.swift in Sources */ = {isa = PBXBuildFile; fileRef = E3DCA25F2DBA514600893221 /* TaskModelTests.swift */; };
		E3DCA2622DBA516600893221 /* MockCoreDataManager.swift in Sources */ = {isa = PBXBuildFile; fileRef = E3DCA2612DBA516600893221 /* MockCoreDataManager.swift */; };
		E3DCA2642DBA51AB00893221 /* CoreDataManagerTests.swift in Sources */ = {isa = PBXBuildFile; fileRef = E3DCA2632DBA51AB00893221 /* CoreDataManagerTests.swift */; };
		E3DCA2662DBA51E600893221 /* TaskRepositoryTests.swift in Sources */ = {isa = PBXBuildFile; fileRef = E3DCA2652DBA51E600893221 /* TaskRepositoryTests.swift */; };
		E3DCA2682DBA522A00893221 /* NetworkServiceTests.swift in Sources */ = {isa = PBXBuildFile; fileRef = E3DCA2672DBA522A00893221 /* NetworkServiceTests.swift */; };
/* End PBXBuildFile section */

/* Begin PBXContainerItemProxy section */
		E3DCA1DA2DB5347D00893221 /* PBXContainerItemProxy */ = {
			isa = PBXContainerItemProxy;
			containerPortal = E3DCA1B82DB5347900893221 /* Project object */;
			proxyType = 1;
			remoteGlobalIDString = E3DCA1BF2DB5347900893221;
			remoteInfo = ToDoList;
		};
		E3DCA1E42DB5347D00893221 /* PBXContainerItemProxy */ = {
			isa = PBXContainerItemProxy;
			containerPortal = E3DCA1B82DB5347900893221 /* Project object */;
			proxyType = 1;
			remoteGlobalIDString = E3DCA1BF2DB5347900893221;
			remoteInfo = ToDoList;
		};
/* End PBXContainerItemProxy section */

/* Begin PBXFileReference section */
		E3DCA1C02DB5347900893221 /* ToDoList.app */ = {isa = PBXFileReference; explicitFileType = wrapper.application; includeInIndex = 0; path = ToDoList.app; sourceTree = BUILT_PRODUCTS_DIR; };
		E3DCA1C32DB5347900893221 /* AppDelegate.swift */ = {isa = PBXFileReference; lastKnownFileType = sourcecode.swift; path = AppDelegate.swift; sourceTree = "<group>"; };
		E3DCA1C52DB5347900893221 /* SceneDelegate.swift */ = {isa = PBXFileReference; lastKnownFileType = sourcecode.swift; path = SceneDelegate.swift; sourceTree = "<group>"; };
		E3DCA1C72DB5347900893221 /* TaskListVC.swift */ = {isa = PBXFileReference; lastKnownFileType = sourcecode.swift; path = TaskListVC.swift; sourceTree = "<group>"; };
		E3DCA1CD2DB5347900893221 /* ToDoList.xcdatamodel */ = {isa = PBXFileReference; lastKnownFileType = wrapper.xcdatamodel; path = ToDoList.xcdatamodel; sourceTree = "<group>"; };
		E3DCA1CF2DB5347D00893221 /* Assets.xcassets */ = {isa = PBXFileReference; lastKnownFileType = folder.assetcatalog; path = Assets.xcassets; sourceTree = "<group>"; };
		E3DCA1D42DB5347D00893221 /* Info.plist */ = {isa = PBXFileReference; lastKnownFileType = text.plist.xml; path = Info.plist; sourceTree = "<group>"; };
		E3DCA1D92DB5347D00893221 /* ToDoListTests.xctest */ = {isa = PBXFileReference; explicitFileType = wrapper.cfbundle; includeInIndex = 0; path = ToDoListTests.xctest; sourceTree = BUILT_PRODUCTS_DIR; };
		E3DCA1E32DB5347D00893221 /* ToDoListUITests.xctest */ = {isa = PBXFileReference; explicitFileType = wrapper.cfbundle; includeInIndex = 0; path = ToDoListUITests.xctest; sourceTree = BUILT_PRODUCTS_DIR; };
		E3DCA2032DB540A200893221 /* TaskEntity+CoreDataClass.swift */ = {isa = PBXFileReference; lastKnownFileType = sourcecode.swift; path = "TaskEntity+CoreDataClass.swift"; sourceTree = "<group>"; };
		E3DCA2042DB540A200893221 /* TaskEntity+CoreDataProperties.swift */ = {isa = PBXFileReference; lastKnownFileType = sourcecode.swift; path = "TaskEntity+CoreDataProperties.swift"; sourceTree = "<group>"; };
		E3DCA2072DB5415800893221 /* CoreDataManager.swift */ = {isa = PBXFileReference; lastKnownFileType = sourcecode.swift; path = CoreDataManager.swift; sourceTree = "<group>"; };
		E3DCA2092DB5444700893221 /* Task.swift */ = {isa = PBXFileReference; lastKnownFileType = sourcecode.swift; path = Task.swift; sourceTree = "<group>"; };
		E3DCA20B2DB544EC00893221 /* TaskMapper.swift */ = {isa = PBXFileReference; lastKnownFileType = sourcecode.swift; path = TaskMapper.swift; sourceTree = "<group>"; };
		E3DCA20D2DB546EE00893221 /* NetworkService.swift */ = {isa = PBXFileReference; lastKnownFileType = sourcecode.swift; path = NetworkService.swift; sourceTree = "<group>"; };
		E3DCA20F2DB5495300893221 /* TaskRepository.swift */ = {isa = PBXFileReference; lastKnownFileType = sourcecode.swift; path = TaskRepository.swift; sourceTree = "<group>"; };
		E3DCA2112DB62B3400893221 /* TaskCell.swift */ = {isa = PBXFileReference; lastKnownFileType = sourcecode.swift; path = TaskCell.swift; sourceTree = "<group>"; };
		E3DCA2142DB6383200893221 /* Icons.swift */ = {isa = PBXFileReference; lastKnownFileType = sourcecode.swift; path = Icons.swift; sourceTree = "<group>"; };
		E3DCA2182DB6D3C500893221 /* TaskListBottomBar.swift */ = {isa = PBXFileReference; lastKnownFileType = sourcecode.swift; path = TaskListBottomBar.swift; sourceTree = "<group>"; };
		E3DCA2242DB7F21400893221 /* Strings.swift */ = {isa = PBXFileReference; lastKnownFileType = sourcecode.swift; path = Strings.swift; sourceTree = "<group>"; };
		E3DCA2282DB8C86800893221 /* TaskCreateEditVC.swift */ = {isa = PBXFileReference; lastKnownFileType = sourcecode.swift; path = TaskCreateEditVC.swift; sourceTree = "<group>"; };
		E3DCA22A2DB8F72A00893221 /* TaskDetailTextView.swift */ = {isa = PBXFileReference; lastKnownFileType = sourcecode.swift; path = TaskDetailTextView.swift; sourceTree = "<group>"; };
		E3DCA22C2DB912DA00893221 /* SpeechManager.swift */ = {isa = PBXFileReference; lastKnownFileType = sourcecode.swift; path = SpeechManager.swift; sourceTree = "<group>"; };
		E3DCA2582DBA487400893221 /* ToDoListUITests.swift */ = {isa = PBXFileReference; fileEncoding = 4; lastKnownFileType = sourcecode.swift; path = ToDoListUITests.swift; sourceTree = "<group>"; };
		E3DCA2592DBA487400893221 /* ToDoListUITestsLaunchTests.swift */ = {isa = PBXFileReference; fileEncoding = 4; lastKnownFileType = sourcecode.swift; path = ToDoListUITestsLaunchTests.swift; sourceTree = "<group>"; };
		E3DCA25D2DBA4AC600893221 /* MockNetworkService.swift */ = {isa = PBXFileReference; lastKnownFileType = sourcecode.swift; path = MockNetworkService.swift; sourceTree = "<group>"; };
		E3DCA25F2DBA514600893221 /* TaskModelTests.swift */ = {isa = PBXFileReference; lastKnownFileType = sourcecode.swift; path = TaskModelTests.swift; sourceTree = "<group>"; };
		E3DCA2612DBA516600893221 /* MockCoreDataManager.swift */ = {isa = PBXFileReference; lastKnownFileType = sourcecode.swift; path = MockCoreDataManager.swift; sourceTree = "<group>"; };
		E3DCA2632DBA51AB00893221 /* CoreDataManagerTests.swift */ = {isa = PBXFileReference; lastKnownFileType = sourcecode.swift; path = CoreDataManagerTests.swift; sourceTree = "<group>"; };
		E3DCA2652DBA51E600893221 /* TaskRepositoryTests.swift */ = {isa = PBXFileReference; lastKnownFileType = sourcecode.swift; path = TaskRepositoryTests.swift; sourceTree = "<group>"; };
		E3DCA2672DBA522A00893221 /* NetworkServiceTests.swift */ = {isa = PBXFileReference; lastKnownFileType = sourcecode.swift; path = NetworkServiceTests.swift; sourceTree = "<group>"; };
/* End PBXFileReference section */

/* Begin PBXFrameworksBuildPhase section */
		E3DCA1BD2DB5347900893221 /* Frameworks */ = {
			isa = PBXFrameworksBuildPhase;
			buildActionMask = 2147483647;
			files = (
			);
			runOnlyForDeploymentPostprocessing = 0;
		};
		E3DCA1D62DB5347D00893221 /* Frameworks */ = {
			isa = PBXFrameworksBuildPhase;
			buildActionMask = 2147483647;
			files = (
			);
			runOnlyForDeploymentPostprocessing = 0;
		};
		E3DCA1E02DB5347D00893221 /* Frameworks */ = {
			isa = PBXFrameworksBuildPhase;
			buildActionMask = 2147483647;
			files = (
			);
			runOnlyForDeploymentPostprocessing = 0;
		};
/* End PBXFrameworksBuildPhase section */

/* Begin PBXGroup section */
		E3DCA1B72DB5347900893221 = {
			isa = PBXGroup;
			children = (
				E3DCA25A2DBA487400893221 /* ToDoListUITests */,
				E3DCA1DC2DB5347D00893221 /* ToDoListTests */,
				E3DCA1C22DB5347900893221 /* ToDoList */,
				E3DCA1C12DB5347900893221 /* Products */,
			);
			sourceTree = "<group>";
		};
		E3DCA1C12DB5347900893221 /* Products */ = {
			isa = PBXGroup;
			children = (
				E3DCA1C02DB5347900893221 /* ToDoList.app */,
				E3DCA1D92DB5347D00893221 /* ToDoListTests.xctest */,
				E3DCA1E32DB5347D00893221 /* ToDoListUITests.xctest */,
			);
			name = Products;
			sourceTree = "<group>";
		};
		E3DCA1C22DB5347900893221 /* ToDoList */ = {
			isa = PBXGroup;
			children = (
				E3DCA1D42DB5347D00893221 /* Info.plist */,
				E3DCA1CC2DB5347900893221 /* ToDoList.xcdatamodeld */,
				E3DCA2012DB53B6400893221 /* ToDoListResources */,
				E3DCA1FB2DB53B0500893221 /* ToDoListScenes */,
				E3DCA1FA2DB53AF600893221 /* ToDoListRepositories */,
				E3DCA1F92DB53AE900893221 /* ToDoListNetwork */,
				E3DCA1F82DB53ADF00893221 /* ToDoListModels */,
				E3DCA1F72DB53AD500893221 /* ToDoListCoreData */,
				E3DCA1F62DB53ACB00893221 /* ToDoListApp */,
			);
			path = ToDoList;
			sourceTree = "<group>";
		};
		E3DCA1DC2DB5347D00893221 /* ToDoListTests */ = {
			isa = PBXGroup;
			children = (
				E3DCA2462DBA40E100893221 /* ToDoListNetworkService */,
				E3DCA2452DBA40D100893221 /* ToDoListRepository */,
				E3DCA2442DBA40C900893221 /* ToDoListCoreData */,
				E3DCA2432DBA40B600893221 /* ToDoListModels */,
			);
			path = ToDoListTests;
			sourceTree = "<group>";
		};
		E3DCA1F62DB53ACB00893221 /* ToDoListApp */ = {
			isa = PBXGroup;
			children = (
				E3DCA1C32DB5347900893221 /* AppDelegate.swift */,
				E3DCA1C52DB5347900893221 /* SceneDelegate.swift */,
			);
			path = ToDoListApp;
			sourceTree = "<group>";
		};
		E3DCA1F72DB53AD500893221 /* ToDoListCoreData */ = {
			isa = PBXGroup;
			children = (
				E3DCA2072DB5415800893221 /* CoreDataManager.swift */,
			);
			path = ToDoListCoreData;
			sourceTree = "<group>";
		};
		E3DCA1F82DB53ADF00893221 /* ToDoListModels */ = {
			isa = PBXGroup;
			children = (
				E3DCA2032DB540A200893221 /* TaskEntity+CoreDataClass.swift */,
				E3DCA2042DB540A200893221 /* TaskEntity+CoreDataProperties.swift */,
				E3DCA2092DB5444700893221 /* Task.swift */,
				E3DCA20B2DB544EC00893221 /* TaskMapper.swift */,
			);
			path = ToDoListModels;
			sourceTree = "<group>";
		};
		E3DCA1F92DB53AE900893221 /* ToDoListNetwork */ = {
			isa = PBXGroup;
			children = (
				E3DCA20D2DB546EE00893221 /* NetworkService.swift */,
			);
			path = ToDoListNetwork;
			sourceTree = "<group>";
		};
		E3DCA1FA2DB53AF600893221 /* ToDoListRepositories */ = {
			isa = PBXGroup;
			children = (
				E3DCA20F2DB5495300893221 /* TaskRepository.swift */,
			);
			path = ToDoListRepositories;
			sourceTree = "<group>";
		};
		E3DCA1FB2DB53B0500893221 /* ToDoListScenes */ = {
			isa = PBXGroup;
			children = (
				E3DCA1FE2DB53B1F00893221 /* TaskCreate */,
				E3DCA1FC2DB53B0C00893221 /* TaskList */,
			);
			path = ToDoListScenes;
			sourceTree = "<group>";
		};
		E3DCA1FC2DB53B0C00893221 /* TaskList */ = {
			isa = PBXGroup;
			children = (
				E3DCA1C72DB5347900893221 /* TaskListVC.swift */,
				E3DCA2112DB62B3400893221 /* TaskCell.swift */,
				E3DCA2182DB6D3C500893221 /* TaskListBottomBar.swift */,
				E3DCA22C2DB912DA00893221 /* SpeechManager.swift */,
			);
			path = TaskList;
			sourceTree = "<group>";
		};
		E3DCA1FE2DB53B1F00893221 /* TaskCreate */ = {
			isa = PBXGroup;
			children = (
				E3DCA2282DB8C86800893221 /* TaskCreateEditVC.swift */,
				E3DCA22A2DB8F72A00893221 /* TaskDetailTextView.swift */,
			);
			path = TaskCreate;
			sourceTree = "<group>";
		};
		E3DCA2012DB53B6400893221 /* ToDoListResources */ = {
			isa = PBXGroup;
			children = (
				E3DCA2132DB6381D00893221 /* Resources */,
				E3DCA2142DB6383200893221 /* Icons.swift */,
				E3DCA2242DB7F21400893221 /* Strings.swift */,
			);
			path = ToDoListResources;
			sourceTree = "<group>";
		};
		E3DCA2132DB6381D00893221 /* Resources */ = {
			isa = PBXGroup;
			children = (
				E3DCA1CF2DB5347D00893221 /* Assets.xcassets */,
			);
			path = Resources;
			sourceTree = "<group>";
		};
		E3DCA2432DBA40B600893221 /* ToDoListModels */ = {
			isa = PBXGroup;
			children = (
				E3DCA25F2DBA514600893221 /* TaskModelTests.swift */,
			);
			path = ToDoListModels;
			sourceTree = "<group>";
		};
		E3DCA2442DBA40C900893221 /* ToDoListCoreData */ = {
			isa = PBXGroup;
			children = (
				E3DCA2612DBA516600893221 /* MockCoreDataManager.swift */,
				E3DCA2632DBA51AB00893221 /* CoreDataManagerTests.swift */,
			);
			path = ToDoListCoreData;
			sourceTree = "<group>";
		};
		E3DCA2452DBA40D100893221 /* ToDoListRepository */ = {
			isa = PBXGroup;
			children = (
				E3DCA2652DBA51E600893221 /* TaskRepositoryTests.swift */,
			);
			path = ToDoListRepository;
			sourceTree = "<group>";
		};
		E3DCA2462DBA40E100893221 /* ToDoListNetworkService */ = {
			isa = PBXGroup;
			children = (
				E3DCA25D2DBA4AC600893221 /* MockNetworkService.swift */,
				E3DCA2672DBA522A00893221 /* NetworkServiceTests.swift */,
			);
			path = ToDoListNetworkService;
			sourceTree = "<group>";
		};
		E3DCA25A2DBA487400893221 /* ToDoListUITests */ = {
			isa = PBXGroup;
			children = (
				E3DCA2582DBA487400893221 /* ToDoListUITests.swift */,
				E3DCA2592DBA487400893221 /* ToDoListUITestsLaunchTests.swift */,
			);
			path = ToDoListUITests;
			sourceTree = "<group>";
		};
/* End PBXGroup section */

/* Begin PBXNativeTarget section */
		E3DCA1BF2DB5347900893221 /* ToDoList */ = {
			isa = PBXNativeTarget;
			buildConfigurationList = E3DCA1ED2DB5347D00893221 /* Build configuration list for PBXNativeTarget "ToDoList" */;
			buildPhases = (
				E3DCA1BC2DB5347900893221 /* Sources */,
				E3DCA1BD2DB5347900893221 /* Frameworks */,
				E3DCA1BE2DB5347900893221 /* Resources */,
			);
			buildRules = (
			);
			dependencies = (
			);
			name = ToDoList;
			productName = ToDoList;
			productReference = E3DCA1C02DB5347900893221 /* ToDoList.app */;
			productType = "com.apple.product-type.application";
		};
		E3DCA1D82DB5347D00893221 /* ToDoListTests */ = {
			isa = PBXNativeTarget;
			buildConfigurationList = E3DCA1F02DB5347D00893221 /* Build configuration list for PBXNativeTarget "ToDoListTests" */;
			buildPhases = (
				E3DCA1D52DB5347D00893221 /* Sources */,
				E3DCA1D62DB5347D00893221 /* Frameworks */,
				E3DCA1D72DB5347D00893221 /* Resources */,
			);
			buildRules = (
			);
			dependencies = (
				E3DCA1DB2DB5347D00893221 /* PBXTargetDependency */,
			);
			name = ToDoListTests;
			productName = ToDoListTests;
			productReference = E3DCA1D92DB5347D00893221 /* ToDoListTests.xctest */;
			productType = "com.apple.product-type.bundle.unit-test";
		};
		E3DCA1E22DB5347D00893221 /* ToDoListUITests */ = {
			isa = PBXNativeTarget;
			buildConfigurationList = E3DCA1F32DB5347D00893221 /* Build configuration list for PBXNativeTarget "ToDoListUITests" */;
			buildPhases = (
				E3DCA1DF2DB5347D00893221 /* Sources */,
				E3DCA1E02DB5347D00893221 /* Frameworks */,
				E3DCA1E12DB5347D00893221 /* Resources */,
			);
			buildRules = (
			);
			dependencies = (
				E3DCA1E52DB5347D00893221 /* PBXTargetDependency */,
			);
			name = ToDoListUITests;
			productName = ToDoListUITests;
			productReference = E3DCA1E32DB5347D00893221 /* ToDoListUITests.xctest */;
			productType = "com.apple.product-type.bundle.ui-testing";
		};
/* End PBXNativeTarget section */

/* Begin PBXProject section */
		E3DCA1B82DB5347900893221 /* Project object */ = {
			isa = PBXProject;
			attributes = {
				BuildIndependentTargetsInParallel = 1;
				LastSwiftUpdateCheck = 1540;
				LastUpgradeCheck = 1540;
				TargetAttributes = {
					E3DCA1BF2DB5347900893221 = {
						CreatedOnToolsVersion = 15.4;
					};
					E3DCA1D82DB5347D00893221 = {
						CreatedOnToolsVersion = 15.4;
						LastSwiftMigration = 1540;
						TestTargetID = E3DCA1BF2DB5347900893221;
					};
					E3DCA1E22DB5347D00893221 = {
						CreatedOnToolsVersion = 15.4;
						TestTargetID = E3DCA1BF2DB5347900893221;
					};
				};
			};
			buildConfigurationList = E3DCA1BB2DB5347900893221 /* Build configuration list for PBXProject "ToDoList" */;
			compatibilityVersion = "Xcode 14.0";
			developmentRegion = en;
			hasScannedForEncodings = 0;
			knownRegions = (
				en,
				Base,
			);
			mainGroup = E3DCA1B72DB5347900893221;
			productRefGroup = E3DCA1C12DB5347900893221 /* Products */;
			projectDirPath = "";
			projectRoot = "";
			targets = (
				E3DCA1BF2DB5347900893221 /* ToDoList */,
				E3DCA1D82DB5347D00893221 /* ToDoListTests */,
				E3DCA1E22DB5347D00893221 /* ToDoListUITests */,
			);
		};
/* End PBXProject section */

/* Begin PBXResourcesBuildPhase section */
		E3DCA1BE2DB5347900893221 /* Resources */ = {
			isa = PBXResourcesBuildPhase;
			buildActionMask = 2147483647;
			files = (
				E3DCA1D02DB5347D00893221 /* Assets.xcassets in Resources */,
			);
			runOnlyForDeploymentPostprocessing = 0;
		};
		E3DCA1D72DB5347D00893221 /* Resources */ = {
			isa = PBXResourcesBuildPhase;
			buildActionMask = 2147483647;
			files = (
			);
			runOnlyForDeploymentPostprocessing = 0;
		};
		E3DCA1E12DB5347D00893221 /* Resources */ = {
			isa = PBXResourcesBuildPhase;
			buildActionMask = 2147483647;
			files = (
			);
			runOnlyForDeploymentPostprocessing = 0;
		};
/* End PBXResourcesBuildPhase section */

/* Begin PBXSourcesBuildPhase section */
		E3DCA1BC2DB5347900893221 /* Sources */ = {
			isa = PBXSourcesBuildPhase;
			buildActionMask = 2147483647;
			files = (
				E3DCA2622DBA516600893221 /* MockCoreDataManager.swift in Sources */,
				E3DCA2152DB6383200893221 /* Icons.swift in Sources */,
				E3DCA20E2DB546EE00893221 /* NetworkService.swift in Sources */,
				E3DCA2252DB7F21400893221 /* Strings.swift in Sources */,
				E3DCA20A2DB5444700893221 /* Task.swift in Sources */,
				E3DCA1C82DB5347900893221 /* TaskListVC.swift in Sources */,
				E3DCA20C2DB544EC00893221 /* TaskMapper.swift in Sources */,
				E3DCA2122DB62B3400893221 /* TaskCell.swift in Sources */,
				E3DCA2102DB5495300893221 /* TaskRepository.swift in Sources */,
				E3DCA22B2DB8F72A00893221 /* TaskDetailTextView.swift in Sources */,
				E3DCA2052DB540A200893221 /* TaskEntity+CoreDataClass.swift in Sources */,
				E3DCA2292DB8C86800893221 /* TaskCreateEditVC.swift in Sources */,
				E3DCA2192DB6D3C500893221 /* TaskListBottomBar.swift in Sources */,
				E3DCA2062DB540A200893221 /* TaskEntity+CoreDataProperties.swift in Sources */,
				E3DCA22D2DB912DA00893221 /* SpeechManager.swift in Sources */,
				E3DCA1C42DB5347900893221 /* AppDelegate.swift in Sources */,
				E3DCA1C62DB5347900893221 /* SceneDelegate.swift in Sources */,
				E3DCA2082DB5415800893221 /* CoreDataManager.swift in Sources */,
				E3DCA1CE2DB5347900893221 /* ToDoList.xcdatamodeld in Sources */,
			);
			runOnlyForDeploymentPostprocessing = 0;
		};
		E3DCA1D52DB5347D00893221 /* Sources */ = {
			isa = PBXSourcesBuildPhase;
			buildActionMask = 2147483647;
			files = (
				E3DCA2662DBA51E600893221 /* TaskRepositoryTests.swift in Sources */,
				E3DCA25E2DBA4AC600893221 /* MockNetworkService.swift in Sources */,
				E3DCA2642DBA51AB00893221 /* CoreDataManagerTests.swift in Sources */,
				E3DCA2682DBA522A00893221 /* NetworkServiceTests.swift in Sources */,
				E3DCA2602DBA514600893221 /* TaskModelTests.swift in Sources */,
			);
			runOnlyForDeploymentPostprocessing = 0;
		};
		E3DCA1DF2DB5347D00893221 /* Sources */ = {
			isa = PBXSourcesBuildPhase;
			buildActionMask = 2147483647;
			files = (
				E3DCA25B2DBA487400893221 /* ToDoListUITests.swift in Sources */,
				E3DCA25C2DBA487400893221 /* ToDoListUITestsLaunchTests.swift in Sources */,
			);
			runOnlyForDeploymentPostprocessing = 0;
		};
/* End PBXSourcesBuildPhase section */

/* Begin PBXTargetDependency section */
		E3DCA1DB2DB5347D00893221 /* PBXTargetDependency */ = {
			isa = PBXTargetDependency;
			target = E3DCA1BF2DB5347900893221 /* ToDoList */;
			targetProxy = E3DCA1DA2DB5347D00893221 /* PBXContainerItemProxy */;
		};
		E3DCA1E52DB5347D00893221 /* PBXTargetDependency */ = {
			isa = PBXTargetDependency;
			target = E3DCA1BF2DB5347900893221 /* ToDoList */;
			targetProxy = E3DCA1E42DB5347D00893221 /* PBXContainerItemProxy */;
		};
/* End PBXTargetDependency section */

/* Begin XCBuildConfiguration section */
		E3DCA1EB2DB5347D00893221 /* Debug */ = {
			isa = XCBuildConfiguration;
			buildSettings = {
				ALWAYS_SEARCH_USER_PATHS = NO;
				ASSETCATALOG_COMPILER_GENERATE_SWIFT_ASSET_SYMBOL_EXTENSIONS = YES;
				CLANG_ANALYZER_NONNULL = YES;
				CLANG_ANALYZER_NUMBER_OBJECT_CONVERSION = YES_AGGRESSIVE;
				CLANG_CXX_LANGUAGE_STANDARD = "gnu++20";
				CLANG_ENABLE_MODULES = YES;
				CLANG_ENABLE_OBJC_ARC = YES;
				CLANG_ENABLE_OBJC_WEAK = YES;
				CLANG_WARN_BLOCK_CAPTURE_AUTORELEASING = YES;
				CLANG_WARN_BOOL_CONVERSION = YES;
				CLANG_WARN_COMMA = YES;
				CLANG_WARN_CONSTANT_CONVERSION = YES;
				CLANG_WARN_DEPRECATED_OBJC_IMPLEMENTATIONS = YES;
				CLANG_WARN_DIRECT_OBJC_ISA_USAGE = YES_ERROR;
				CLANG_WARN_DOCUMENTATION_COMMENTS = YES;
				CLANG_WARN_EMPTY_BODY = YES;
				CLANG_WARN_ENUM_CONVERSION = YES;
				CLANG_WARN_INFINITE_RECURSION = YES;
				CLANG_WARN_INT_CONVERSION = YES;
				CLANG_WARN_NON_LITERAL_NULL_CONVERSION = YES;
				CLANG_WARN_OBJC_IMPLICIT_RETAIN_SELF = YES;
				CLANG_WARN_OBJC_LITERAL_CONVERSION = YES;
				CLANG_WARN_OBJC_ROOT_CLASS = YES_ERROR;
				CLANG_WARN_QUOTED_INCLUDE_IN_FRAMEWORK_HEADER = YES;
				CLANG_WARN_RANGE_LOOP_ANALYSIS = YES;
				CLANG_WARN_STRICT_PROTOTYPES = YES;
				CLANG_WARN_SUSPICIOUS_MOVE = YES;
				CLANG_WARN_UNGUARDED_AVAILABILITY = YES_AGGRESSIVE;
				CLANG_WARN_UNREACHABLE_CODE = YES;
				CLANG_WARN__DUPLICATE_METHOD_MATCH = YES;
				COPY_PHASE_STRIP = NO;
				DEBUG_INFORMATION_FORMAT = dwarf;
				ENABLE_STRICT_OBJC_MSGSEND = YES;
				ENABLE_TESTABILITY = YES;
				ENABLE_USER_SCRIPT_SANDBOXING = YES;
				GCC_C_LANGUAGE_STANDARD = gnu17;
				GCC_DYNAMIC_NO_PIC = NO;
				GCC_NO_COMMON_BLOCKS = YES;
				GCC_OPTIMIZATION_LEVEL = 0;
				GCC_PREPROCESSOR_DEFINITIONS = (
					"DEBUG=1",
					"$(inherited)",
				);
				GCC_WARN_64_TO_32_BIT_CONVERSION = YES;
				GCC_WARN_ABOUT_RETURN_TYPE = YES_ERROR;
				GCC_WARN_UNDECLARED_SELECTOR = YES;
				GCC_WARN_UNINITIALIZED_AUTOS = YES_AGGRESSIVE;
				GCC_WARN_UNUSED_FUNCTION = YES;
				GCC_WARN_UNUSED_VARIABLE = YES;
				IPHONEOS_DEPLOYMENT_TARGET = 17.5;
				LOCALIZATION_PREFERS_STRING_CATALOGS = YES;
				MTL_ENABLE_DEBUG_INFO = INCLUDE_SOURCE;
				MTL_FAST_MATH = YES;
				ONLY_ACTIVE_ARCH = YES;
				SDKROOT = iphoneos;
				SWIFT_ACTIVE_COMPILATION_CONDITIONS = "DEBUG $(inherited)";
				SWIFT_OPTIMIZATION_LEVEL = "-Onone";
			};
			name = Debug;
		};
		E3DCA1EC2DB5347D00893221 /* Release */ = {
			isa = XCBuildConfiguration;
			buildSettings = {
				ALWAYS_SEARCH_USER_PATHS = NO;
				ASSETCATALOG_COMPILER_GENERATE_SWIFT_ASSET_SYMBOL_EXTENSIONS = YES;
				CLANG_ANALYZER_NONNULL = YES;
				CLANG_ANALYZER_NUMBER_OBJECT_CONVERSION = YES_AGGRESSIVE;
				CLANG_CXX_LANGUAGE_STANDARD = "gnu++20";
				CLANG_ENABLE_MODULES = YES;
				CLANG_ENABLE_OBJC_ARC = YES;
				CLANG_ENABLE_OBJC_WEAK = YES;
				CLANG_WARN_BLOCK_CAPTURE_AUTORELEASING = YES;
				CLANG_WARN_BOOL_CONVERSION = YES;
				CLANG_WARN_COMMA = YES;
				CLANG_WARN_CONSTANT_CONVERSION = YES;
				CLANG_WARN_DEPRECATED_OBJC_IMPLEMENTATIONS = YES;
				CLANG_WARN_DIRECT_OBJC_ISA_USAGE = YES_ERROR;
				CLANG_WARN_DOCUMENTATION_COMMENTS = YES;
				CLANG_WARN_EMPTY_BODY = YES;
				CLANG_WARN_ENUM_CONVERSION = YES;
				CLANG_WARN_INFINITE_RECURSION = YES;
				CLANG_WARN_INT_CONVERSION = YES;
				CLANG_WARN_NON_LITERAL_NULL_CONVERSION = YES;
				CLANG_WARN_OBJC_IMPLICIT_RETAIN_SELF = YES;
				CLANG_WARN_OBJC_LITERAL_CONVERSION = YES;
				CLANG_WARN_OBJC_ROOT_CLASS = YES_ERROR;
				CLANG_WARN_QUOTED_INCLUDE_IN_FRAMEWORK_HEADER = YES;
				CLANG_WARN_RANGE_LOOP_ANALYSIS = YES;
				CLANG_WARN_STRICT_PROTOTYPES = YES;
				CLANG_WARN_SUSPICIOUS_MOVE = YES;
				CLANG_WARN_UNGUARDED_AVAILABILITY = YES_AGGRESSIVE;
				CLANG_WARN_UNREACHABLE_CODE = YES;
				CLANG_WARN__DUPLICATE_METHOD_MATCH = YES;
				COPY_PHASE_STRIP = NO;
				DEBUG_INFORMATION_FORMAT = "dwarf-with-dsym";
				ENABLE_NS_ASSERTIONS = NO;
				ENABLE_STRICT_OBJC_MSGSEND = YES;
				ENABLE_USER_SCRIPT_SANDBOXING = YES;
				GCC_C_LANGUAGE_STANDARD = gnu17;
				GCC_NO_COMMON_BLOCKS = YES;
				GCC_WARN_64_TO_32_BIT_CONVERSION = YES;
				GCC_WARN_ABOUT_RETURN_TYPE = YES_ERROR;
				GCC_WARN_UNDECLARED_SELECTOR = YES;
				GCC_WARN_UNINITIALIZED_AUTOS = YES_AGGRESSIVE;
				GCC_WARN_UNUSED_FUNCTION = YES;
				GCC_WARN_UNUSED_VARIABLE = YES;
				IPHONEOS_DEPLOYMENT_TARGET = 17.5;
				LOCALIZATION_PREFERS_STRING_CATALOGS = YES;
				MTL_ENABLE_DEBUG_INFO = NO;
				MTL_FAST_MATH = YES;
				SDKROOT = iphoneos;
				SWIFT_COMPILATION_MODE = wholemodule;
				VALIDATE_PRODUCT = YES;
			};
			name = Release;
		};
		E3DCA1EE2DB5347D00893221 /* Debug */ = {
			isa = XCBuildConfiguration;
			buildSettings = {
				ASSETCATALOG_COMPILER_APPICON_NAME = AppIcon;
				ASSETCATALOG_COMPILER_GLOBAL_ACCENT_COLOR_NAME = AccentColor;
				CODE_SIGN_STYLE = Automatic;
				CURRENT_PROJECT_VERSION = 1;
				DEVELOPMENT_TEAM = CVK7FA2J9G;
				GENERATE_INFOPLIST_FILE = YES;
				INFOPLIST_FILE = ToDoList/Info.plist;
				INFOPLIST_KEY_NSMicrophoneUsageDescription = "Для голосового ввода";
				INFOPLIST_KEY_NSSpeechRecognitionUsageDescription = "Для голосового поиска задач";
				INFOPLIST_KEY_UIApplicationSupportsIndirectInputEvents = YES;
				INFOPLIST_KEY_UILaunchStoryboardName = LaunchScreen;
				INFOPLIST_KEY_UISupportedInterfaceOrientations_iPad = "UIInterfaceOrientationPortrait UIInterfaceOrientationPortraitUpsideDown UIInterfaceOrientationLandscapeLeft UIInterfaceOrientationLandscapeRight";
				INFOPLIST_KEY_UISupportedInterfaceOrientations_iPhone = "UIInterfaceOrientationPortrait UIInterfaceOrientationLandscapeLeft UIInterfaceOrientationLandscapeRight";
				IPHONEOS_DEPLOYMENT_TARGET = 16.0;
				LD_RUNPATH_SEARCH_PATHS = (
					"$(inherited)",
					"@executable_path/Frameworks",
				);
				MARKETING_VERSION = 1.0;
				PRODUCT_BUNDLE_IDENTIFIER = com.danila.ToDoList;
				PRODUCT_NAME = "$(TARGET_NAME)";
				SWIFT_EMIT_LOC_STRINGS = YES;
				SWIFT_VERSION = 5.0;
				TARGETED_DEVICE_FAMILY = "1,2";
			};
			name = Debug;
		};
		E3DCA1EF2DB5347D00893221 /* Release */ = {
			isa = XCBuildConfiguration;
			buildSettings = {
				ASSETCATALOG_COMPILER_APPICON_NAME = AppIcon;
				ASSETCATALOG_COMPILER_GLOBAL_ACCENT_COLOR_NAME = AccentColor;
				CODE_SIGN_STYLE = Automatic;
				CURRENT_PROJECT_VERSION = 1;
				DEVELOPMENT_TEAM = CVK7FA2J9G;
				GENERATE_INFOPLIST_FILE = YES;
				INFOPLIST_FILE = ToDoList/Info.plist;
				INFOPLIST_KEY_NSMicrophoneUsageDescription = "Для голосового ввода";
				INFOPLIST_KEY_NSSpeechRecognitionUsageDescription = "Для голосового поиска задач";
				INFOPLIST_KEY_UIApplicationSupportsIndirectInputEvents = YES;
				INFOPLIST_KEY_UILaunchStoryboardName = LaunchScreen;
				INFOPLIST_KEY_UISupportedInterfaceOrientations_iPad = "UIInterfaceOrientationPortrait UIInterfaceOrientationPortraitUpsideDown UIInterfaceOrientationLandscapeLeft UIInterfaceOrientationLandscapeRight";
				INFOPLIST_KEY_UISupportedInterfaceOrientations_iPhone = "UIInterfaceOrientationPortrait UIInterfaceOrientationLandscapeLeft UIInterfaceOrientationLandscapeRight";
				IPHONEOS_DEPLOYMENT_TARGET = 16.0;
				LD_RUNPATH_SEARCH_PATHS = (
					"$(inherited)",
					"@executable_path/Frameworks",
				);
				MARKETING_VERSION = 1.0;
				PRODUCT_BUNDLE_IDENTIFIER = com.danila.ToDoList;
				PRODUCT_NAME = "$(TARGET_NAME)";
				SWIFT_EMIT_LOC_STRINGS = YES;
				SWIFT_VERSION = 5.0;
				TARGETED_DEVICE_FAMILY = "1,2";
			};
			name = Release;
		};
		E3DCA1F12DB5347D00893221 /* Debug */ = {
			isa = XCBuildConfiguration;
			buildSettings = {
				ALWAYS_EMBED_SWIFT_STANDARD_LIBRARIES = YES;
				BUNDLE_LOADER = "$(TEST_HOST)";
				CLANG_ENABLE_MODULES = YES;
				CODE_SIGN_STYLE = Automatic;
				CURRENT_PROJECT_VERSION = 1;
				DEVELOPMENT_TEAM = CVK7FA2J9G;
				GENERATE_INFOPLIST_FILE = YES;
				IPHONEOS_DEPLOYMENT_TARGET = 17.5;
				MARKETING_VERSION = 1.0;
				PRODUCT_BUNDLE_IDENTIFIER = com.danila.ToDoListTests;
				PRODUCT_NAME = "$(TARGET_NAME)";
				SWIFT_EMIT_LOC_STRINGS = NO;
				SWIFT_OPTIMIZATION_LEVEL = "-Onone";
				SWIFT_VERSION = 5.0;
				TARGETED_DEVICE_FAMILY = "1,2";
				TEST_HOST = "$(BUILT_PRODUCTS_DIR)/ToDoList.app/$(BUNDLE_EXECUTABLE_FOLDER_PATH)/ToDoList";
			};
			name = Debug;
		};
		E3DCA1F22DB5347D00893221 /* Release */ = {
			isa = XCBuildConfiguration;
			buildSettings = {
				ALWAYS_EMBED_SWIFT_STANDARD_LIBRARIES = YES;
				BUNDLE_LOADER = "$(TEST_HOST)";
				CLANG_ENABLE_MODULES = YES;
				CODE_SIGN_STYLE = Automatic;
				CURRENT_PROJECT_VERSION = 1;
				DEVELOPMENT_TEAM = CVK7FA2J9G;
				GENERATE_INFOPLIST_FILE = YES;
				IPHONEOS_DEPLOYMENT_TARGET = 17.5;
				MARKETING_VERSION = 1.0;
				PRODUCT_BUNDLE_IDENTIFIER = com.danila.ToDoListTests;
				PRODUCT_NAME = "$(TARGET_NAME)";
				SWIFT_EMIT_LOC_STRINGS = NO;
				SWIFT_VERSION = 5.0;
				TARGETED_DEVICE_FAMILY = "1,2";
				TEST_HOST = "$(BUILT_PRODUCTS_DIR)/ToDoList.app/$(BUNDLE_EXECUTABLE_FOLDER_PATH)/ToDoList";
			};
			name = Release;
		};
		E3DCA1F42DB5347D00893221 /* Debug */ = {
			isa = XCBuildConfiguration;
			buildSettings = {
				ALWAYS_EMBED_SWIFT_STANDARD_LIBRARIES = YES;
				CODE_SIGN_STYLE = Automatic;
				CURRENT_PROJECT_VERSION = 1;
				DEVELOPMENT_TEAM = CVK7FA2J9G;
				GENERATE_INFOPLIST_FILE = YES;
				MARKETING_VERSION = 1.0;
				PRODUCT_BUNDLE_IDENTIFIER = com.danila.ToDoListUITests;
				PRODUCT_NAME = "$(TARGET_NAME)";
				SWIFT_EMIT_LOC_STRINGS = NO;
				SWIFT_VERSION = 5.0;
				TARGETED_DEVICE_FAMILY = "1,2";
				TEST_TARGET_NAME = ToDoList;
			};
			name = Debug;
		};
		E3DCA1F52DB5347D00893221 /* Release */ = {
			isa = XCBuildConfiguration;
			buildSettings = {
				ALWAYS_EMBED_SWIFT_STANDARD_LIBRARIES = YES;
				CODE_SIGN_STYLE = Automatic;
				CURRENT_PROJECT_VERSION = 1;
				DEVELOPMENT_TEAM = CVK7FA2J9G;
				GENERATE_INFOPLIST_FILE = YES;
				MARKETING_VERSION = 1.0;
				PRODUCT_BUNDLE_IDENTIFIER = com.danila.ToDoListUITests;
				PRODUCT_NAME = "$(TARGET_NAME)";
				SWIFT_EMIT_LOC_STRINGS = NO;
				SWIFT_VERSION = 5.0;
				TARGETED_DEVICE_FAMILY = "1,2";
				TEST_TARGET_NAME = ToDoList;
			};
			name = Release;
		};
/* End XCBuildConfiguration section */

/* Begin XCConfigurationList section */
		E3DCA1BB2DB5347900893221 /* Build configuration list for PBXProject "ToDoList" */ = {
			isa = XCConfigurationList;
			buildConfigurations = (
				E3DCA1EB2DB5347D00893221 /* Debug */,
				E3DCA1EC2DB5347D00893221 /* Release */,
			);
			defaultConfigurationIsVisible = 0;
			defaultConfigurationName = Release;
		};
		E3DCA1ED2DB5347D00893221 /* Build configuration list for PBXNativeTarget "ToDoList" */ = {
			isa = XCConfigurationList;
			buildConfigurations = (
				E3DCA1EE2DB5347D00893221 /* Debug */,
				E3DCA1EF2DB5347D00893221 /* Release */,
			);
			defaultConfigurationIsVisible = 0;
			defaultConfigurationName = Release;
		};
		E3DCA1F02DB5347D00893221 /* Build configuration list for PBXNativeTarget "ToDoListTests" */ = {
			isa = XCConfigurationList;
			buildConfigurations = (
				E3DCA1F12DB5347D00893221 /* Debug */,
				E3DCA1F22DB5347D00893221 /* Release */,
			);
			defaultConfigurationIsVisible = 0;
			defaultConfigurationName = Release;
		};
		E3DCA1F32DB5347D00893221 /* Build configuration list for PBXNativeTarget "ToDoListUITests" */ = {
			isa = XCConfigurationList;
			buildConfigurations = (
				E3DCA1F42DB5347D00893221 /* Debug */,
				E3DCA1F52DB5347D00893221 /* Release */,
			);
			defaultConfigurationIsVisible = 0;
			defaultConfigurationName = Release;
		};
/* End XCConfigurationList section */

/* Begin XCVersionGroup section */
		E3DCA1CC2DB5347900893221 /* ToDoList.xcdatamodeld */ = {
			isa = XCVersionGroup;
			children = (
				E3DCA1CD2DB5347900893221 /* ToDoList.xcdatamodel */,
			);
			currentVersion = E3DCA1CD2DB5347900893221 /* ToDoList.xcdatamodel */;
			path = ToDoList.xcdatamodeld;
			sourceTree = "<group>";
			versionGroupType = wrapper.xcdatamodel;
		};
/* End XCVersionGroup section */
	};
	rootObject = E3DCA1B82DB5347900893221 /* Project object */;
}
